{
  "nodes": {
    "nixpkgs": {
      "locked": {
        "lastModified": 1771903837,
        "narHash": "sha256-sdaqdnsQCv3iifzxwB22tUwN/fSHoN7j2myFW5EIkGk=",
        "rev": "e764fc9a405871f1f6ca3d1394fb422e0a0c3951",
        "revCount": 908322,
        "type": "tarball",
        "url": "https://api.flakehub.com/f/pinned/NixOS/nixpkgs/0.2511.908322%2Brev-e764fc9a405871f1f6ca3d1394fb422e0a0c3951/019c90c7-b2fa-759d-838f-611ca6eed88b/source.tar.gz"
      },
      "original": {
        "type": "tarball",
        "url": "https://flakehub.com/f/NixOS/nixpkgs/0"
      }
    },
    "nixpkgs_2": {
      "locked": {
        "lastModified": 1773821835,
        "narHash": "sha256-TJ3lSQtW0E2JrznGVm8hOQGVpXjJyXY2guAxku2O9A4=",
        "owner": "nixos",
        "repo": "nixpkgs",
        "rev": "b40629efe5d6ec48dd1efba650c797ddbd39ace0",
        "type": "github"
      },
      "original": {
        "owner": "nixos",
        "ref": "nixos-unstable",
        "repo": "nixpkgs",
        "type": "github"
      }
    },
    "pyproject-build-systems": {
      "inputs": {
        "nixpkgs": [
          "nixpkgs"
        ],
        "pyproject-nix": [
          "pyproject-nix"
        ],
        "uv2nix": [
          "uv2nix"
        ]
      },
      "locked": {
        "lastModified": 1773870109,
        "narHash": "sha256-ZoTdqZP03DcdoyxvpFHCAek4bkPUTUPUF3oCCgc3dP4=",
        "owner": "pyproject-nix",
        "repo": "build-system-pkgs",
        "rev": "b6e74f433b02fa4b8a7965ee24680f4867e2926f",
        "type": "github"
      },
      "original": {
        "owner": "pyproject-nix",
        "repo": "build-system-pkgs",
        "type": "github"
      }
    },
    "pyproject-nix": {
      "inputs": {
        "nixpkgs": [
          "nixpkgs"
        ]
      },
      "locked": {
        "lastModified": 1773909723,
        "narHash": "sha256-HmcZQ/hMPHR22Ri/6Sl7Z0B5J8nZa9bRnZJtDFInM7I=",
        "owner": "pyproject-nix",
        "repo": "pyproject.nix",
        "rev": "d37dcf34ac7194eac4b0d10520d01298c434267d",
        "type": "github"
      },
      "original": {
        "owner": "pyproject-nix",
        "repo": "pyproject.nix",
        "type": "github"
      }
    },
    "pyproject-nix_2": {
      "inputs": {
        "nixpkgs": [
          "uv2nix",
          "nixpkgs"
        ]
      },
      "locked": {
        "lastModified": 1773869067,
        "narHash": "sha256-tOx/xlFermFEmpqBm0F07vPv2Ocwrisnke1IdQFScsg=",
        "owner": "pyproject-nix",
        "repo": "pyproject.nix",
        "rev": "e8e05df72d96d5fc2094ce20cf1604899b42c28d",
        "type": "github"
      },
      "original": {
        "owner": "pyproject-nix",
        "repo": "pyproject.nix",
        "type": "github"
      }
    },
    "root": {
      "inputs": {
        "nixpkgs": "nixpkgs",
        "pyproject-build-systems": "pyproject-build-systems",
        "pyproject-nix": "pyproject-nix",
        "uv2nix": "uv2nix"
      }
    },
    "uv2nix": {
      "inputs": {
        "nixpkgs": "nixpkgs_2",
        "pyproject-nix": "pyproject-nix_2"
      },
      "locked": {
        "lastModified": 1773958975,
        "narHash": "sha256-Lr2k67KFPxPLqMtCWvwfg30S8huAEpEY9UcXHfi1Q+4=",
        "owner": "pyproject-nix",
        "repo": "uv2nix",
        "rev": "ffd52b90f29babbc4f309c29f2a2cdd6547be443",
        "type": "github"
      },
      "original": {
        "owner": "pyproject-nix",
        "repo": "uv2nix",
        "type": "github"
      }
    }
  },
  "root": "root",
  "version": 7
}
