{
  "nodes": {
    "nixpkgs": {
      "locked": {
        "lastModified": 1771903837,
        "narHash": "sha256-sdaqdnsQCv3iifzxwB22tUwN/fSHoN7j2myFW5EIkGk=",
        "rev": "e764fc9a405871f1f6ca3d1394fb422e0a0c3951",
        "revCount": 908322,
        "type": "tarball",
        "url": "https://api.flakehub.com/f/pinned/NixOS/nixpkgs/0.2511.908322%2Brev-e764fc9a405871f1f6ca3d1394fb422e0a0c3951/019c90c7-b2fa-759d-838f-611ca6eed88b/source.tar.gz"
      },
      "original": {
        "type": "tarball",
        "url": "https://flakehub.com/f/NixOS/nixpkgs/0"
      }
    },
    "root": {
      "inputs": {
        "nixpkgs": "nixpkgs"
      }
    }
  },
  "root": "root",
  "version": 7
}
